
Microsoft Visual Studio Solution File, Format Version 12.00
# Visual Studio Version 16
VisualStudioVersion = 16.0.29411.108
MinimumVisualStudioVersion = 10.0.40219.1
Project("{9A19103F-16F7-4668-BE54-9A1E7A4F7556}") = "Task1", "Task1\Task1.csproj", "{2576511D-2F24-4F29-BE65-09029DCC1D37}"
EndProject
Project("{FAE04EC0-301F-11D3-BF4B-00C04F79EFBC}") = "Task2", "Task2\Task2.csproj", "{9CE12397-1DD2-44DB-9884-79D4996ADE83}"
EndProject
Project("{FAE04EC0-301F-11D3-BF4B-00C04F79EFBC}") = "Task3", "Task3\Task3.csproj", "{F2CC7364-8620-4269-AE93-C2C2E0D21EEB}"
EndProject
Global
	GlobalSection(SolutionConfigurationPlatforms) = preSolution
		Debug|Any CPU = Debug|Any CPU
		Release|Any CPU = Release|Any CPU
	EndGlobalSection
	GlobalSection(ProjectConfigurationPlatforms) = postSolution
		{2576511D-2F24-4F29-BE65-09029DCC1D37}.Debug|Any CPU.ActiveCfg = Debug|Any CPU
		{2576511D-2F24-4F29-BE65-09029DCC1D37}.Debug|Any CPU.Build.0 = Debug|Any CPU
		{2576511D-2F24-4F29-BE65-09029DCC1D37}.Release|Any CPU.ActiveCfg = Release|Any CPU
		{2576511D-2F24-4F29-BE65-09029DCC1D37}.Release|Any CPU.Build.0 = Release|Any CPU
		{9CE12397-1DD2-44DB-9884-79D4996ADE83}.Debug|Any CPU.ActiveCfg = Debug|Any CPU
		{9CE12397-1DD2-44DB-9884-79D4996ADE83}.Debug|Any CPU.Build.0 = Debug|Any CPU
		{9CE12397-1DD2-44DB-9884-79D4996ADE83}.Release|Any CPU.ActiveCfg = Release|Any CPU
		{9CE12397-1DD2-44DB-9884-79D4996ADE83}.Release|Any CPU.Build.0 = Release|Any CPU
		{F2CC7364-8620-4269-AE93-C2C2E0D21EEB}.Debug|Any CPU.ActiveCfg = Debug|Any CPU
		{F2CC7364-8620-4269-AE93-C2C2E0D21EEB}.Debug|Any CPU.Build.0 = Debug|Any CPU
		{F2CC7364-8620-4269-AE93-C2C2E0D21EEB}.Release|Any CPU.ActiveCfg = Release|Any CPU
		{F2CC7364-8620-4269-AE93-C2C2E0D21EEB}.Release|Any CPU.Build.0 = Release|Any CPU
	EndGlobalSection
	GlobalSection(SolutionProperties) = preSolution
		HideSolutionNode = FALSE
	EndGlobalSection
	GlobalSection(ExtensibilityGlobals) = postSolution
		SolutionGuid = {23803EE5-1848-4179-9959-FE3C7C419703}
	EndGlobalSection
EndGlobal
