
Microsoft Visual Studio Solution File, Format Version 12.00
Project("{FAE04EC0-301F-11D3-BF4B-00C04F79EFBC}") = "Task1", "Task1\Task1.csproj", "{56389CF9-A1DC-4B2F-A372-38A2DBD245D4}"
EndProject
Project("{FAE04EC0-301F-11D3-BF4B-00C04F79EFBC}") = "Task2", "Task2\Task2.csproj", "{BA350321-8878-415C-A88B-8C4CCCD1FAA3}"
EndProject
Global
	GlobalSection(SolutionConfigurationPlatforms) = preSolution
		Debug|Any CPU = Debug|Any CPU
		Release|Any CPU = Release|Any CPU
	EndGlobalSection
	GlobalSection(ProjectConfigurationPlatforms) = postSolution
		{56389CF9-A1DC-4B2F-A372-38A2DBD245D4}.Debug|Any CPU.ActiveCfg = Debug|Any CPU
		{56389CF9-A1DC-4B2F-A372-38A2DBD245D4}.Debug|Any CPU.Build.0 = Debug|Any CPU
		{56389CF9-A1DC-4B2F-A372-38A2DBD245D4}.Release|Any CPU.ActiveCfg = Release|Any CPU
		{56389CF9-A1DC-4B2F-A372-38A2DBD245D4}.Release|Any CPU.Build.0 = Release|Any CPU
		{BA350321-8878-415C-A88B-8C4CCCD1FAA3}.Debug|Any CPU.ActiveCfg = Debug|Any CPU
		{BA350321-8878-415C-A88B-8C4CCCD1FAA3}.Debug|Any CPU.Build.0 = Debug|Any CPU
		{BA350321-8878-415C-A88B-8C4CCCD1FAA3}.Release|Any CPU.ActiveCfg = Release|Any CPU
		{BA350321-8878-415C-A88B-8C4CCCD1FAA3}.Release|Any CPU.Build.0 = Release|Any CPU
	EndGlobalSection
EndGlobal
